<Project xmlns="http://schemas.microsoft.com/developer/msbuild/2003">
    <PropertyGroup>
        <ProjectGuid>{CF287D09-3063-410A-B45F-B905ADB08810}</ProjectGuid>
        <ProjectVersion>19.2</ProjectVersion>
        <FrameworkType>None</FrameworkType>
        <MainSource>mod_taskitto.dpr</MainSource>
        <Base>True</Base>
        <Config Condition="'$(Config)'==''">Release</Config>
        <Platform Condition="'$(Platform)'==''">Win32</Platform>
        <TargetedPlatforms>3</TargetedPlatforms>
        <AppType>Library</AppType>
    </PropertyGroup>
    <PropertyGroup Condition="'$(Config)'=='Base' or '$(Base)'!=''">
        <Base>true</Base>
    </PropertyGroup>
    <PropertyGroup Condition="'$(Config)'=='Release' or '$(Cfg_1)'!=''">
        <Cfg_1>true</Cfg_1>
        <CfgParent>Base</CfgParent>
        <Base>true</Base>
    </PropertyGroup>
    <PropertyGroup Condition="('$(Platform)'=='Win32' and '$(Cfg_1)'=='true') or '$(Cfg_1_Win32)'!=''">
        <Cfg_1_Win32>true</Cfg_1_Win32>
        <CfgParent>Cfg_1</CfgParent>
        <Cfg_1>true</Cfg_1>
        <Base>true</Base>
    </PropertyGroup>
    <PropertyGroup Condition="('$(Platform)'=='Win64' and '$(Cfg_1)'=='true') or '$(Cfg_1_Win64)'!=''">
        <Cfg_1_Win64>true</Cfg_1_Win64>
        <CfgParent>Cfg_1</CfgParent>
        <Cfg_1>true</Cfg_1>
        <Base>true</Base>
    </PropertyGroup>
    <PropertyGroup Condition="'$(Config)'=='Debug' or '$(Cfg_2)'!=''">
        <Cfg_2>true</Cfg_2>
        <CfgParent>Base</CfgParent>
        <Base>true</Base>
    </PropertyGroup>
    <PropertyGroup Condition="'$(Base)'!=''">
        <DCC_SYMBOL_PLATFORM>false</DCC_SYMBOL_PLATFORM>
        <SanitizedProjectName>mod_taskitto</SanitizedProjectName>
        <DCC_DUPLICATE_CTOR_DTOR>false</DCC_DUPLICATE_CTOR_DTOR>
        <VerInfo_Locale>1033</VerInfo_Locale>
        <VerInfo_Keys>CompanyName=Ethea S.r.l.;FileDescription=TasKitto;FileVersion=4.0.8.0;InternalName=TasKitto;LegalCopyright=Copyright Ethea S.r.l.;LegalTrademarks=;OriginalFilename=;ProductName=TasKitto;ProductVersion=4.0;Comments=</VerInfo_Keys>
        <Icon_MainIcon>Taskitto_Icon.ico</Icon_MainIcon>
        <DCC_ExeOutput>D:\Apache24\htdocs\KittoX\App\Taskitto\Home</DCC_ExeOutput>
        <DCC_DcuOutput>..\Lib\$(Platform)</DCC_DcuOutput>
        <DCC_UnitSearchPath>..\..\..\Source;..\..\..\Source\EF;..\..\..\Source\ThirdParty;..\..\..\Source\ThirdParty\delphi-jose-jwt\Source;$(DCC_UnitSearchPath)</DCC_UnitSearchPath>
        <DCC_E>false</DCC_E>
        <DCC_ImageBase>00400000</DCC_ImageBase>
        <DCC_N>false</DCC_N>
        <DCC_S>false</DCC_S>
        <DCC_F>false</DCC_F>
        <DCC_K>false</DCC_K>
        <GenDll>true</GenDll>
        <VerInfo_IncludeVerInfo>true</VerInfo_IncludeVerInfo>
        <VerInfo_MajorVer>4</VerInfo_MajorVer>
        <VerInfo_Release>8</VerInfo_Release>
    </PropertyGroup>
    <PropertyGroup Condition="'$(Cfg_1)'!=''">
        <DCC_LocalDebugSymbols>false</DCC_LocalDebugSymbols>
        <DCC_Define>RELEASE;$(DCC_Define)</DCC_Define>
        <DCC_SymbolReferenceInfo>0</DCC_SymbolReferenceInfo>
        <DCC_DebugInformation>0</DCC_DebugInformation>
    </PropertyGroup>
    <PropertyGroup Condition="'$(Cfg_1_Win32)'!=''">
        <BT_BuildType>Debug</BT_BuildType>
    </PropertyGroup>
    <PropertyGroup Condition="'$(Cfg_1_Win64)'!=''">
        <BT_BuildType>Debug</BT_BuildType>
    </PropertyGroup>
    <PropertyGroup Condition="'$(Cfg_2)'!=''">
        <DCC_StrictVarStrings>false</DCC_StrictVarStrings>
        <DCC_DebugDCUs>true</DCC_DebugDCUs>
        <DCC_DebugInfoInExe>true</DCC_DebugInfoInExe>
        <DCC_Optimize>false</DCC_Optimize>
        <DCC_Define>DEBUG;$(DCC_Define)</DCC_Define>
        <DCC_GenerateStackFrames>true</DCC_GenerateStackFrames>
        <DCC_IntegerOverflowCheck>true</DCC_IntegerOverflowCheck>
        <DCC_RangeChecking>true</DCC_RangeChecking>
    </PropertyGroup>
    <ItemGroup>
        <DelphiCompile Include="$(MainSource)">
            <MainSource>MainSource</MainSource>
        </DelphiCompile>
        <DCCReference Include="..\Source\UseKitto.pas"/>
        <DCCReference Include="..\Source\Rules.pas"/>
        <DCCReference Include="..\Source\Auth.pas"/>
        <None Include="..\Home\Metadata\Config.yaml"/>
        <None Include="..\Home\Metadata\Views\Home.yaml"/>
        <None Include="..\Home\Metadata\Views\ActivityInput.yaml"/>
        <None Include="..\Home\Metadata\Views\ActivityReport.yaml"/>
        <None Include="..\Home\Metadata\Views\ActivityTemplate.yaml"/>
        <None Include="..\Home\Metadata\Views\LoginView.yaml"/>
        <None Include="..\Home\Metadata\Views\MainMenu.yaml"/>
        <None Include="..\Home\Metadata\Views\NewActivity.yaml"/>
        <None Include="..\Home\Metadata\Views\CustomerMap.yaml"/>
        <None Include="..\Home\Metadata\Views\Dashboard.yaml"/>
        <None Include="..\Home\Metadata\Views\DashKpiProjects.yaml"/>
        <None Include="..\Home\Metadata\Views\DashKpiHours.yaml"/>
        <None Include="..\Home\Metadata\Views\DashKpiCustomers.yaml"/>
        <None Include="..\Home\Metadata\Views\DashKpiActivities.yaml"/>
        <None Include="..\Home\Metadata\Views\DashStatusPie.yaml"/>
        <None Include="..\Home\Metadata\Views\DashDailyChart.yaml"/>
        <None Include="..\Home\Metadata\Views\DashTypePie.yaml"/>
        <None Include="..\Home\Metadata\Views\ResetPassword.yaml"/>
        <None Include="..\Home\Metadata\Views\PrivacyPolicy.yaml"/>
        <None Include="..\Home\Metadata\Views\ActivitiesByType.yaml"/>
        <None Include="..\Home\Metadata\Views\Employees.yaml"/>
        <None Include="..\Home\Metadata\Views\ActivityPieChart.yaml"/>
        <None Include="..\Home\Metadata\Views\ActivityCalendar.yaml"/>
        <None Include="..\Home\Metadata\Views\ActivityBarChart.yaml"/>
        <None Include="..\Home\Metadata\Views\Projects.yaml"/>
        <None Include="..\Home\Metadata\Views\Customers.yaml"/>
        <None Include="..\Home\Metadata\Views\ActivityAddForm.yaml"/>
        <None Include="..\Home\Metadata\Views\ChangePassword.yaml"/>
        <None Include="..\Home\Metadata\Views\HomeMini.yaml"/>
        <None Include="..\Home\Metadata\Views\RegisterNewUser.yaml"/>
        <None Include="..\Home\Metadata\Views\UserAddForm.yaml"/>
        <None Include="..\Home\Metadata\Views\UserForm.yaml"/>
        <None Include="..\Home\Metadata\Views\Users.yaml"/>
        <None Include="..\Home\Metadata\Views\Layouts\ActivityCalendar_Form.yaml"/>
        <None Include="..\Home\Metadata\Views\Layouts\ActivityInput_Form.yaml"/>
        <None Include="..\Home\Metadata\Views\Layouts\ActivityInput_Grid.yaml"/>
        <None Include="..\Home\Metadata\Views\Layouts\Phases_Form.yaml"/>
        <None Include="..\Home\Metadata\Views\Layouts\Projects_Form.yaml"/>
        <None Include="..\Home\Metadata\Views\Layouts\RegisterNewUser_Form.yaml"/>
        <None Include="..\Home\Metadata\Models\ACTIVITY.yaml"/>
        <None Include="..\Home\Metadata\Models\ACTIVITY_BY_STATUS.yaml"/>
        <None Include="..\Home\Metadata\Models\ACTIVITY_BY_TYPE.yaml"/>
        <None Include="..\Home\Metadata\Models\ACTIVITY_CALENDAR.yaml"/>
        <None Include="..\Home\Metadata\Models\ACTIVITY_DAILY_RANGE.yaml"/>
        <None Include="..\Home\Metadata\Models\ACTIVITY_TYPE.yaml"/>
        <None Include="..\Home\Metadata\Models\CUSTOMER.yaml"/>
        <None Include="..\Home\Metadata\Models\EMPLOYEE.yaml"/>
        <None Include="..\Home\Metadata\Models\KITTO_USERS.yaml"/>
        <None Include="..\Home\Metadata\Models\KPI_MONTHLY.yaml"/>
        <None Include="..\Home\Metadata\Models\OPERATOR_ROLE.yaml"/>
        <None Include="..\Home\Metadata\Models\PHASE.yaml"/>
        <None Include="..\Home\Metadata\Models\PROJECT.yaml"/>
        <BuildConfiguration Include="Debug">
            <Key>Cfg_2</Key>
            <CfgParent>Base</CfgParent>
        </BuildConfiguration>
        <BuildConfiguration Include="Base">
            <Key>Base</Key>
        </BuildConfiguration>
        <BuildConfiguration Include="Release">
            <Key>Cfg_1</Key>
            <CfgParent>Base</CfgParent>
        </BuildConfiguration>
    </ItemGroup>
    <ProjectExtensions>
        <Borland.Personality>Delphi.Personality.12</Borland.Personality>
        <Borland.ProjectType>Library</Borland.ProjectType>
        <BorlandProject>
            <Delphi.Personality>
                <Source>
                    <Source Name="MainSource">mod_taskitto.dpr</Source>
                </Source>
                <Excluded_Packages/>
            </Delphi.Personality>
            <Platforms>
                <Platform value="Win32">True</Platform>
                <Platform value="Win64">True</Platform>
            </Platforms>
            <ModelSupport>False</ModelSupport>
            <Deployment Version="3"/>
        </BorlandProject>
        <ProjectFileVersion>12</ProjectFileVersion>
    </ProjectExtensions>
    <Import Project="$(BDS)\Bin\CodeGear.Delphi.Targets" Condition="Exists('$(BDS)\Bin\CodeGear.Delphi.Targets')"/>
    <Import Project="$(APPDATA)\Embarcadero\$(BDSAPPDATABASEDIR)\$(PRODUCTVERSION)\UserTools.proj" Condition="Exists('$(APPDATA)\Embarcadero\$(BDSAPPDATABASEDIR)\$(PRODUCTVERSION)\UserTools.proj')"/>
</Project>
